
Microsoft Visual Studio Solution File, Format Version 12.00
# Visual Studio Version 17
VisualStudioVersion = 17.4.33205.214
MinimumVisualStudioVersion = 10.0.40219.1
Project("{FAE04EC0-301F-11D3-BF4B-00C04F79EFBC}") = "PDFToolsConsole", "PDFToolsConsole\PDFToolsConsole.csproj", "{9FB19387-995E-44DC-84C5-5817F2315097}"
EndProject
Project("{FAE04EC0-301F-11D3-BF4B-00C04F79EFBC}") = "PDFTools", "PDFTools\PDFTools.csproj", "{2A490605-9A44-4D79-9BB2-BBFDA551E554}"
EndProject
Global
	GlobalSection(SolutionConfigurationPlatforms) = preSolution
		Debug|Any CPU = Debug|Any CPU
		Release|Any CPU = Release|Any CPU
	EndGlobalSection
	GlobalSection(ProjectConfigurationPlatforms) = postSolution
		{9FB19387-995E-44DC-84C5-5817F2315097}.Debug|Any CPU.ActiveCfg = Debug|Any CPU
		{9FB19387-995E-44DC-84C5-5817F2315097}.Debug|Any CPU.Build.0 = Debug|Any CPU
		{9FB19387-995E-44DC-84C5-5817F2315097}.Release|Any CPU.ActiveCfg = Release|Any CPU
		{9FB19387-995E-44DC-84C5-5817F2315097}.Release|Any CPU.Build.0 = Release|Any CPU
		{2A490605-9A44-4D79-9BB2-BBFDA551E554}.Debug|Any CPU.ActiveCfg = Debug|Any CPU
		{2A490605-9A44-4D79-9BB2-BBFDA551E554}.Debug|Any CPU.Build.0 = Debug|Any CPU
		{2A490605-9A44-4D79-9BB2-BBFDA551E554}.Release|Any CPU.ActiveCfg = Release|Any CPU
		{2A490605-9A44-4D79-9BB2-BBFDA551E554}.Release|Any CPU.Build.0 = Release|Any CPU
	EndGlobalSection
	GlobalSection(SolutionProperties) = preSolution
		HideSolutionNode = FALSE
	EndGlobalSection
	GlobalSection(ExtensibilityGlobals) = postSolution
		SolutionGuid = {97E334A7-D2A7-444B-BEC3-2744A38CBDAE}
	EndGlobalSection
EndGlobal
